
Microsoft Visual Studio Solution File, Format Version 12.00
Project("{FAE04EC0-301F-11D3-BF4B-00C04F79EFBC}") = "TaskGCTest", "TaskGCTest.csproj", "{D174B6FA-E87E-4A01-B494-0FA082AB5275}"
EndProject
Global
	GlobalSection(SolutionConfigurationPlatforms) = preSolution
		Debug|Any CPU = Debug|Any CPU
		Release|Any CPU = Release|Any CPU
	EndGlobalSection
	GlobalSection(ProjectConfigurationPlatforms) = postSolution
		{D174B6FA-E87E-4A01-B494-0FA082AB5275}.Debug|Any CPU.ActiveCfg = Debug|Any CPU
		{D174B6FA-E87E-4A01-B494-0FA082AB5275}.Debug|Any CPU.Build.0 = Debug|Any CPU
		{D174B6FA-E87E-4A01-B494-0FA082AB5275}.Release|Any CPU.ActiveCfg = Release|Any CPU
		{D174B6FA-E87E-4A01-B494-0FA082AB5275}.Release|Any CPU.Build.0 = Release|Any CPU
	EndGlobalSection
EndGlobal
